
Microsoft Visual Studio Solution File, Format Version 11.00
# Visual Studio 2010 Express for Windows Phone
Project("{FAE04EC0-301F-11D3-BF4B-00C04F79EFBC}") = "CodeBotAdapter", "CodeBotAdapter\CodeBotAdapter.csproj", "{A5D52810-FEB1-46AC-B2C5-BBEB66BC3C42}"
EndProject
Project("{FAE04EC0-301F-11D3-BF4B-00C04F79EFBC}") = "CodeBotApp", "CodeBotApp\CodeBotApp.csproj", "{ED4994F5-E1C1-4424-918A-D3E5BD8B6EAD}"
EndProject
Global
	GlobalSection(SolutionConfigurationPlatforms) = preSolution
		Debug|Any CPU = Debug|Any CPU
		Release|Any CPU = Release|Any CPU
	EndGlobalSection
	GlobalSection(ProjectConfigurationPlatforms) = postSolution
		{A5D52810-FEB1-46AC-B2C5-BBEB66BC3C42}.Debug|Any CPU.ActiveCfg = Debug|Any CPU
		{A5D52810-FEB1-46AC-B2C5-BBEB66BC3C42}.Debug|Any CPU.Build.0 = Debug|Any CPU
		{A5D52810-FEB1-46AC-B2C5-BBEB66BC3C42}.Release|Any CPU.ActiveCfg = Release|Any CPU
		{A5D52810-FEB1-46AC-B2C5-BBEB66BC3C42}.Release|Any CPU.Build.0 = Release|Any CPU
		{ED4994F5-E1C1-4424-918A-D3E5BD8B6EAD}.Debug|Any CPU.ActiveCfg = Debug|Any CPU
		{ED4994F5-E1C1-4424-918A-D3E5BD8B6EAD}.Debug|Any CPU.Build.0 = Debug|Any CPU
		{ED4994F5-E1C1-4424-918A-D3E5BD8B6EAD}.Debug|Any CPU.Deploy.0 = Debug|Any CPU
		{ED4994F5-E1C1-4424-918A-D3E5BD8B6EAD}.Release|Any CPU.ActiveCfg = Release|Any CPU
		{ED4994F5-E1C1-4424-918A-D3E5BD8B6EAD}.Release|Any CPU.Build.0 = Release|Any CPU
		{ED4994F5-E1C1-4424-918A-D3E5BD8B6EAD}.Release|Any CPU.Deploy.0 = Release|Any CPU
	EndGlobalSection
	GlobalSection(SolutionProperties) = preSolution
		HideSolutionNode = FALSE
	EndGlobalSection
EndGlobal
